
Microsoft Visual Studio Solution File, Format Version 12.00
# Visual Studio 15
VisualStudioVersion = 15.0.26730.16
MinimumVisualStudioVersion = 10.0.40219.1
Project("{9A19103F-16F7-4668-BE54-9A1E7A4F7556}") = "ComputationServer.WebService", "ComputationServer\ComputationServer.WebService.csproj", "{D32F3870-C19C-485C-ACE3-1896297CA2AE}"
EndProject
Project("{9A19103F-16F7-4668-BE54-9A1E7A4F7556}") = "ComputationServer.Execution", "ComputationServer.Execution\ComputationServer.Execution.csproj", "{9FBBACE9-1E2B-4D81-8508-4D50AF112437}"
EndProject
Project("{9A19103F-16F7-4668-BE54-9A1E7A4F7556}") = "ComputationServer.Data", "ComputationServer.Data\ComputationServer.Data.csproj", "{A467B391-7BD8-43E3-8E84-7952FB172436}"
EndProject
Global
	GlobalSection(SolutionConfigurationPlatforms) = preSolution
		Debug|Any CPU = Debug|Any CPU
		Release|Any CPU = Release|Any CPU
	EndGlobalSection
	GlobalSection(ProjectConfigurationPlatforms) = postSolution
		{D32F3870-C19C-485C-ACE3-1896297CA2AE}.Debug|Any CPU.ActiveCfg = Debug|Any CPU
		{D32F3870-C19C-485C-ACE3-1896297CA2AE}.Debug|Any CPU.Build.0 = Debug|Any CPU
		{D32F3870-C19C-485C-ACE3-1896297CA2AE}.Release|Any CPU.ActiveCfg = Release|Any CPU
		{D32F3870-C19C-485C-ACE3-1896297CA2AE}.Release|Any CPU.Build.0 = Release|Any CPU
		{9FBBACE9-1E2B-4D81-8508-4D50AF112437}.Debug|Any CPU.ActiveCfg = Debug|Any CPU
		{9FBBACE9-1E2B-4D81-8508-4D50AF112437}.Debug|Any CPU.Build.0 = Debug|Any CPU
		{9FBBACE9-1E2B-4D81-8508-4D50AF112437}.Release|Any CPU.ActiveCfg = Release|Any CPU
		{9FBBACE9-1E2B-4D81-8508-4D50AF112437}.Release|Any CPU.Build.0 = Release|Any CPU
		{A467B391-7BD8-43E3-8E84-7952FB172436}.Debug|Any CPU.ActiveCfg = Debug|Any CPU
		{A467B391-7BD8-43E3-8E84-7952FB172436}.Debug|Any CPU.Build.0 = Debug|Any CPU
		{A467B391-7BD8-43E3-8E84-7952FB172436}.Release|Any CPU.ActiveCfg = Release|Any CPU
		{A467B391-7BD8-43E3-8E84-7952FB172436}.Release|Any CPU.Build.0 = Release|Any CPU
	EndGlobalSection
	GlobalSection(SolutionProperties) = preSolution
		HideSolutionNode = FALSE
	EndGlobalSection
	GlobalSection(ExtensibilityGlobals) = postSolution
		SolutionGuid = {0C588479-03F8-43A7-BC24-3B120EC338FB}
	EndGlobalSection
EndGlobal
