
Microsoft Visual Studio Solution File, Format Version 12.00
# Visual Studio 15
VisualStudioVersion = 15.0.27130.2027
MinimumVisualStudioVersion = 10.0.40219.1
Project("{9A19103F-16F7-4668-BE54-9A1E7A4F7556}") = "ComputationServer.Execution", "ComputationServer.Execution\ComputationServer.Execution.csproj", "{9FBBACE9-1E2B-4D81-8508-4D50AF112437}"
EndProject
Project("{9A19103F-16F7-4668-BE54-9A1E7A4F7556}") = "ComputationServer.Data", "ComputationServer.Data\ComputationServer.Data.csproj", "{A467B391-7BD8-43E3-8E84-7952FB172436}"
EndProject
Project("{9A19103F-16F7-4668-BE54-9A1E7A4F7556}") = "ComputationServer.Nodes", "ComputationServer.Nodes\ComputationServer.Nodes.csproj", "{8F9381B4-0D60-4A56-8E28-6C9B0C6F5A86}"
EndProject
Project("{9A19103F-16F7-4668-BE54-9A1E7A4F7556}") = "ComputationServer.Scheduling", "ComputationServer.Scheduling\ComputationServer.Scheduling.csproj", "{DE10D1EE-8B89-40B3-B287-33B80563C419}"
EndProject
Project("{9A19103F-16F7-4668-BE54-9A1E7A4F7556}") = "ComputationServer.Test", "ComputationServer.Test\ComputationServer.Test.csproj", "{E0E31668-D487-4E91-867D-C6DE3C667FA9}"
EndProject
Project("{9A19103F-16F7-4668-BE54-9A1E7A4F7556}") = "ComputationServer.Utility", "ComputationServer.Utility\ComputationServer.Utility.csproj", "{82B5603F-7984-4B8D-AF92-1392870A3FD6}"
EndProject
Project("{FAE04EC0-301F-11D3-BF4B-00C04F79EFBC}") = "ComputationServer.WebService", "ComputationServer.WebService\ComputationServer.WebService.csproj", "{AAD50B85-67E3-4E8C-A969-630D33DED549}"
EndProject
Global
	GlobalSection(SolutionConfigurationPlatforms) = preSolution
		Debug|Any CPU = Debug|Any CPU
		Release|Any CPU = Release|Any CPU
	EndGlobalSection
	GlobalSection(ProjectConfigurationPlatforms) = postSolution
		{9FBBACE9-1E2B-4D81-8508-4D50AF112437}.Debug|Any CPU.ActiveCfg = Debug|Any CPU
		{9FBBACE9-1E2B-4D81-8508-4D50AF112437}.Debug|Any CPU.Build.0 = Debug|Any CPU
		{9FBBACE9-1E2B-4D81-8508-4D50AF112437}.Release|Any CPU.ActiveCfg = Release|Any CPU
		{9FBBACE9-1E2B-4D81-8508-4D50AF112437}.Release|Any CPU.Build.0 = Release|Any CPU
		{A467B391-7BD8-43E3-8E84-7952FB172436}.Debug|Any CPU.ActiveCfg = Debug|Any CPU
		{A467B391-7BD8-43E3-8E84-7952FB172436}.Debug|Any CPU.Build.0 = Debug|Any CPU
		{A467B391-7BD8-43E3-8E84-7952FB172436}.Release|Any CPU.ActiveCfg = Release|Any CPU
		{A467B391-7BD8-43E3-8E84-7952FB172436}.Release|Any CPU.Build.0 = Release|Any CPU
		{8F9381B4-0D60-4A56-8E28-6C9B0C6F5A86}.Debug|Any CPU.ActiveCfg = Debug|Any CPU
		{8F9381B4-0D60-4A56-8E28-6C9B0C6F5A86}.Debug|Any CPU.Build.0 = Debug|Any CPU
		{8F9381B4-0D60-4A56-8E28-6C9B0C6F5A86}.Release|Any CPU.ActiveCfg = Release|Any CPU
		{8F9381B4-0D60-4A56-8E28-6C9B0C6F5A86}.Release|Any CPU.Build.0 = Release|Any CPU
		{DE10D1EE-8B89-40B3-B287-33B80563C419}.Debug|Any CPU.ActiveCfg = Debug|Any CPU
		{DE10D1EE-8B89-40B3-B287-33B80563C419}.Debug|Any CPU.Build.0 = Debug|Any CPU
		{DE10D1EE-8B89-40B3-B287-33B80563C419}.Release|Any CPU.ActiveCfg = Release|Any CPU
		{DE10D1EE-8B89-40B3-B287-33B80563C419}.Release|Any CPU.Build.0 = Release|Any CPU
		{E0E31668-D487-4E91-867D-C6DE3C667FA9}.Debug|Any CPU.ActiveCfg = Debug|Any CPU
		{E0E31668-D487-4E91-867D-C6DE3C667FA9}.Debug|Any CPU.Build.0 = Debug|Any CPU
		{E0E31668-D487-4E91-867D-C6DE3C667FA9}.Release|Any CPU.ActiveCfg = Release|Any CPU
		{E0E31668-D487-4E91-867D-C6DE3C667FA9}.Release|Any CPU.Build.0 = Release|Any CPU
		{82B5603F-7984-4B8D-AF92-1392870A3FD6}.Debug|Any CPU.ActiveCfg = Debug|Any CPU
		{82B5603F-7984-4B8D-AF92-1392870A3FD6}.Debug|Any CPU.Build.0 = Debug|Any CPU
		{82B5603F-7984-4B8D-AF92-1392870A3FD6}.Release|Any CPU.ActiveCfg = Release|Any CPU
		{82B5603F-7984-4B8D-AF92-1392870A3FD6}.Release|Any CPU.Build.0 = Release|Any CPU
		{AAD50B85-67E3-4E8C-A969-630D33DED549}.Debug|Any CPU.ActiveCfg = Debug|Any CPU
		{AAD50B85-67E3-4E8C-A969-630D33DED549}.Debug|Any CPU.Build.0 = Debug|Any CPU
		{AAD50B85-67E3-4E8C-A969-630D33DED549}.Release|Any CPU.ActiveCfg = Release|Any CPU
		{AAD50B85-67E3-4E8C-A969-630D33DED549}.Release|Any CPU.Build.0 = Release|Any CPU
	EndGlobalSection
	GlobalSection(SolutionProperties) = preSolution
		HideSolutionNode = FALSE
	EndGlobalSection
	GlobalSection(ExtensibilityGlobals) = postSolution
		SolutionGuid = {0C588479-03F8-43A7-BC24-3B120EC338FB}
	EndGlobalSection
EndGlobal
